{
  "name": "rdf-canon",
  "lockfileVersion": 3,
  "requires": true,
  "packages": {
    "": {
      "dependencies": {
        "rdf-canonize": "^4.0.1"
      }
    },
    "node_modules/rdf-canonize": {
      "version": "4.0.1",
      "resolved": "https://registry.npmjs.org/rdf-canonize/-/rdf-canonize-4.0.1.tgz",
      "integrity": "sha512-B5ynHt4sasbUafzrvYI2GFARgeFcD8Sx9yXPbg7gEyT2EH76rlCv84kyO6tnxzVbxUN/uJDbK1S/MXh+DsnuTA==",
      "dependencies": {
        "setimmediate": "^1.0.5"
      },
      "engines": {
        "node": ">=18"
      }
    },
    "node_modules/setimmediate": {
      "version": "1.0.5",
      "resolved": "https://registry.npmjs.org/setimmediate/-/setimmediate-1.0.5.tgz",
      "integrity": "sha512-MATJdZp8sLqDl/68LfQmbP8zKPLQNV6BIZoIgrscFDQ+RsvK/BxeDQOgyxKKoh0y/8h3BqVFnCqQ/gd+reiIXA=="
    }
  }
}
